github.com/jquery/jquery-dist v0.0.0-20210302171154-e786e3d9707f h1:VrcFwwDo/nKErNIKmp//iOGu7DlRkBTeW//hN7tl7SU=
github.com/jquery/jquery-dist v0.0.0-20210302171154-e786e3d9707f/go.mod h1:/lTfttEqFU0GWTaOOMIeNTzLGQ7yTIgyzjtkS/pYIoc=
gitlab.com/f5/nginx/controller/poc/f5-hugo v0.8.0 h1:zpfwU+7cvneB9Sv7tVj3tOXrHD7rKEk/c0njnMxz/RQ=
gitlab.com/f5/nginx/controller/poc/f5-hugo v0.8.0/go.mod h1:G+e4mnMJBHCT04TKm3Bbnm5I5OGVoeLlmbaDFF3GPBc=
gitlab.com/f5/nginx/controller/poc/f5-hugo v0.8.1-0.20210525193013-702780703489 h1:oiOawLAGeX1Q5Hmo8gCHln5QTVNcXfUuZ32qcse8J9E=
gitlab.com/f5/nginx/controller/poc/f5-hugo v0.8.1-0.20210525193013-702780703489/go.mod h1:G+e4mnMJBHCT04TKm3Bbnm5I5OGVoeLlmbaDFF3GPBc=
gitlab.com/f5/nginx/controller/poc/f5-hugo v0.9.1-0.20210625172823-d8362cced04c h1:QaRaSy4Ro1UlzbxYcgLkhWmy1cx91eEpuEHcUE2psTs=
gitlab.com/f5/nginx/controller/poc/f5-hugo v0.9.1-0.20210625172823-d8362cced04c/go.mod h1:G+e4mnMJBHCT04TKm3Bbnm5I5OGVoeLlmbaDFF3GPBc=
gitlab.com/f5/nginx/controller/poc/f5-hugo v0.9.1-0.20210707221317-8e4b2200d61e h1:V8eHtbdpaXFZiiL+0c6Uzv9iy0SxygdGou9eOYdEk40=
gitlab.com/f5/nginx/controller/poc/f5-hugo v0.9.1-0.20210707221317-8e4b2200d61e/go.mod h1:G+e4mnMJBHCT04TKm3Bbnm5I5OGVoeLlmbaDFF3GPBc=
gitlab.com/f5/nginx/controller/poc/f5-hugo v0.11.0 h1:T/PHaQAccJ6fs2NolIHenLzdZ8J4PPSUmt5i/rgdn1c=
gitlab.com/f5/nginx/controller/poc/f5-hugo v0.11.0/go.mod h1:G+e4mnMJBHCT04TKm3Bbnm5I5OGVoeLlmbaDFF3GPBc=
gitlab.com/f5/nginx/controller/poc/f5-hugo v0.11.5 h1:mKgLpM0sALsTeLnTezHwJ9ouJp1B8it4K4qIkUX+Qok=
gitlab.com/f5/nginx/controller/poc/f5-hugo v0.11.5 h1:mKgLpM0sALsTeLnTezHwJ9ouJp1B8it4K4qIkUX+Qok=
gitlab.com/f5/nginx/controller/poc/f5-hugo v0.11.5/go.mod h1:G+e4mnMJBHCT04TKm3Bbnm5I5OGVoeLlmbaDFF3GPBc=
gitlab.com/f5/nginx/controller/poc/f5-hugo v0.11.5/go.mod h1:G+e4mnMJBHCT04TKm3Bbnm5I5OGVoeLlmbaDFF3GPBc=
gitlab.com/f5/nginx/controller/poc/f5-hugo v0.11.7 h1:Nh2O61QVMwUR8iOsYM00QEC0D9bSS7HZcl7WiSdS3p4=
gitlab.com/f5/nginx/controller/poc/f5-hugo v0.11.7/go.mod h1:G+e4mnMJBHCT04TKm3Bbnm5I5OGVoeLlmbaDFF3GPBc=
gitlab.com/f5/nginx/controller/poc/f5-hugo v0.11.12 h1:D1sGLVBLkVgly2whLtb5za+ndylUdJSXaaqXc1dUkjs=
gitlab.com/f5/nginx/controller/poc/f5-hugo v0.11.12/go.mod h1:G+e4mnMJBHCT04TKm3Bbnm5I5OGVoeLlmbaDFF3GPBc=
